// !$*UTF8*$!
{
	archiveVersion = 1;
	classes = {
	};
	objectVersion = 46;
	objects = {

/* Begin PBXBuildFile section */
		750A6ACD1E6289A200F06D21 /* PipesocksAdapterFactory.swift in Sources */ = {isa = PBXBuildFile; fileRef = 750A6ACC1E6289A200F06D21 /* PipesocksAdapterFactory.swift */; };
		750A6ACF1E6289BA00F06D21 /* PipesocksAdapter.swift in Sources */ = {isa = PBXBuildFile; fileRef = 750A6ACE1E6289BA00F06D21 /* PipesocksAdapter.swift */; };
		75194E851E7D78BF000DB6C5 /* Encode.png in Resources */ = {isa = PBXBuildFile; fileRef = 75194E831E7D78BF000DB6C5 /* Encode.png */; };
		75194E861E7D78BF000DB6C5 /* Decode.png in Resources */ = {isa = PBXBuildFile; fileRef = 75194E841E7D78BF000DB6C5 /* Decode.png */; };
		751D8FEC1E7B8855000BB38A /* SettingsViewController.swift in Sources */ = {isa = PBXBuildFile; fileRef = 751D8FEB1E7B8855000BB38A /* SettingsViewController.swift */; };
		752644A21E40C6B000617319 /* origin.png in Resources */ = {isa = PBXBuildFile; fileRef = 752644A11E40C6B000617319 /* origin.png */; };
		7550ECB41E41CEE300131617 /* VPNCore.swift in Sources */ = {isa = PBXBuildFile; fileRef = 7550ECB31E41CEE300131617 /* VPNCore.swift */; };
		756C10211E40C3F500C113B1 /* AppDelegate.swift in Sources */ = {isa = PBXBuildFile; fileRef = 756C10201E40C3F500C113B1 /* AppDelegate.swift */; };
		756C10231E40C3F500C113B1 /* MainViewController.swift in Sources */ = {isa = PBXBuildFile; fileRef = 756C10221E40C3F500C113B1 /* MainViewController.swift */; };
		756C10261E40C3F500C113B1 /* Main.storyboard in Resources */ = {isa = PBXBuildFile; fileRef = 756C10241E40C3F500C113B1 /* Main.storyboard */; };
		756C10281E40C3F500C113B1 /* Assets.xcassets in Resources */ = {isa = PBXBuildFile; fileRef = 756C10271E40C3F500C113B1 /* Assets.xcassets */; };
		756C102B1E40C3F500C113B1 /* LaunchScreen.storyboard in Resources */ = {isa = PBXBuildFile; fileRef = 756C10291E40C3F500C113B1 /* LaunchScreen.storyboard */; };
		7586E0421E6FE09500303C26 /* inactive.png in Resources */ = {isa = PBXBuildFile; fileRef = 7586E0411E6FE09500303C26 /* inactive.png */; };
		7586E0441E6FF13800303C26 /* AboutViewController.swift in Sources */ = {isa = PBXBuildFile; fileRef = 7586E0431E6FF13800303C26 /* AboutViewController.swift */; };
		75A475891E6962FA00769779 /* NEKit.framework in Frameworks */ = {isa = PBXBuildFile; fileRef = 750A6ACA1E62853400F06D21 /* NEKit.framework */; };
		75A6FC221E80BBCC00DB9B18 /* EncodeViewController.swift in Sources */ = {isa = PBXBuildFile; fileRef = 75A6FC211E80BBCC00DB9B18 /* EncodeViewController.swift */; };
		75A6FC241E80BBFD00DB9B18 /* DecodeViewController.swift in Sources */ = {isa = PBXBuildFile; fileRef = 75A6FC231E80BBFD00DB9B18 /* DecodeViewController.swift */; };
		75B0E84D1E42DAB80045AE7F /* PacketTunnelProvider.swift in Sources */ = {isa = PBXBuildFile; fileRef = 75B0E84C1E42DAB80045AE7F /* PacketTunnelProvider.swift */; };
		75B0E8511E42DAB80045AE7F /* Tap.appex in Embed App Extensions */ = {isa = PBXBuildFile; fileRef = 75B0E8481E42DAB80045AE7F /* Tap.appex */; settings = {ATTRIBUTES = (RemoveHeadersOnCopy, ); }; };
		75DE13CF1E8235CF005F9D2E /* NotificationCenter.framework in Frameworks */ = {isa = PBXBuildFile; fileRef = 75DE13CE1E8235CF005F9D2E /* NotificationCenter.framework */; };
		75DE13D21E8235CF005F9D2E /* TodayViewController.swift in Sources */ = {isa = PBXBuildFile; fileRef = 75DE13D11E8235CF005F9D2E /* TodayViewController.swift */; };
		75DE13D51E8235CF005F9D2E /* MainInterface.storyboard in Resources */ = {isa = PBXBuildFile; fileRef = 75DE13D31E8235CF005F9D2E /* MainInterface.storyboard */; };
		75DE13D91E8235CF005F9D2E /* Widget.appex in Embed App Extensions */ = {isa = PBXBuildFile; fileRef = 75DE13CD1E8235CF005F9D2E /* Widget.appex */; settings = {ATTRIBUTES = (RemoveHeadersOnCopy, ); }; };
		75DE13DD1E823D75005F9D2E /* VPNCore.swift in Sources */ = {isa = PBXBuildFile; fileRef = 7550ECB31E41CEE300131617 /* VPNCore.swift */; };
		75FB850C1E6A40A3009207F5 /* Version.swift in Sources */ = {isa = PBXBuildFile; fileRef = 75FB850B1E6A40A3009207F5 /* Version.swift */; };
		75FB850D1E6A41A1009207F5 /* Version.swift in Sources */ = {isa = PBXBuildFile; fileRef = 75FB850B1E6A40A3009207F5 /* Version.swift */; };
/* End PBXBuildFile section */

/* Begin PBXContainerItemProxy section */
		75B0E84F1E42DAB80045AE7F /* PBXContainerItemProxy */ = {
			isa = PBXContainerItemProxy;
			containerPortal = 756C10151E40C3F500C113B1 /* Project object */;
			proxyType = 1;
			remoteGlobalIDString = 75B0E8471E42DAB80045AE7F;
			remoteInfo = Tap;
		};
		75DE13D71E8235CF005F9D2E /* PBXContainerItemProxy */ = {
			isa = PBXContainerItemProxy;
			containerPortal = 756C10151E40C3F500C113B1 /* Project object */;
			proxyType = 1;
			remoteGlobalIDString = 75DE13CC1E8235CF005F9D2E;
			remoteInfo = Widget;
		};
/* End PBXContainerItemProxy section */

/* Begin PBXCopyFilesBuildPhase section */
		75B0E8551E42DAB80045AE7F /* Embed App Extensions */ = {
			isa = PBXCopyFilesBuildPhase;
			buildActionMask = 2147483647;
			dstPath = "";
			dstSubfolderSpec = 13;
			files = (
				75DE13D91E8235CF005F9D2E /* Widget.appex in Embed App Extensions */,
				75B0E8511E42DAB80045AE7F /* Tap.appex in Embed App Extensions */,
			);
			name = "Embed App Extensions";
			runOnlyForDeploymentPostprocessing = 0;
		};
/* End PBXCopyFilesBuildPhase section */

/* Begin PBXFileReference section */
		750A6ACA1E62853400F06D21 /* NEKit.framework */ = {isa = PBXFileReference; lastKnownFileType = wrapper.framework; name = NEKit.framework; path = Carthage/Build/iOS/NEKit.framework; sourceTree = "<group>"; };
		750A6ACC1E6289A200F06D21 /* PipesocksAdapterFactory.swift */ = {isa = PBXFileReference; fileEncoding = 4; lastKnownFileType = sourcecode.swift; path = PipesocksAdapterFactory.swift; sourceTree = "<group>"; };
		750A6ACE1E6289BA00F06D21 /* PipesocksAdapter.swift */ = {isa = PBXFileReference; fileEncoding = 4; lastKnownFileType = sourcecode.swift; path = PipesocksAdapter.swift; sourceTree = "<group>"; };
		75194E831E7D78BF000DB6C5 /* Encode.png */ = {isa = PBXFileReference; lastKnownFileType = image.png; path = Encode.png; sourceTree = "<group>"; };
		75194E841E7D78BF000DB6C5 /* Decode.png */ = {isa = PBXFileReference; lastKnownFileType = image.png; path = Decode.png; sourceTree = "<group>"; };
		751D8FEB1E7B8855000BB38A /* SettingsViewController.swift */ = {isa = PBXFileReference; fileEncoding = 4; lastKnownFileType = sourcecode.swift; path = SettingsViewController.swift; sourceTree = "<group>"; };
		752644A11E40C6B000617319 /* origin.png */ = {isa = PBXFileReference; lastKnownFileType = image.png; path = origin.png; sourceTree = "<group>"; };
		7550ECB31E41CEE300131617 /* VPNCore.swift */ = {isa = PBXFileReference; fileEncoding = 4; lastKnownFileType = sourcecode.swift; path = VPNCore.swift; sourceTree = "<group>"; };
		756C101D1E40C3F500C113B1 /* pipesocks.app */ = {isa = PBXFileReference; explicitFileType = wrapper.application; includeInIndex = 0; path = pipesocks.app; sourceTree = BUILT_PRODUCTS_DIR; };
		756C10201E40C3F500C113B1 /* AppDelegate.swift */ = {isa = PBXFileReference; lastKnownFileType = sourcecode.swift; path = AppDelegate.swift; sourceTree = "<group>"; };
		756C10221E40C3F500C113B1 /* MainViewController.swift */ = {isa = PBXFileReference; lastKnownFileType = sourcecode.swift; path = MainViewController.swift; sourceTree = "<group>"; };
		756C10251E40C3F500C113B1 /* Base */ = {isa = PBXFileReference; lastKnownFileType = file.storyboard; name = Base; path = Base.lproj/Main.storyboard; sourceTree = "<group>"; };
		756C10271E40C3F500C113B1 /* Assets.xcassets */ = {isa = PBXFileReference; lastKnownFileType = folder.assetcatalog; path = Assets.xcassets; sourceTree = "<group>"; };
		756C102A1E40C3F500C113B1 /* Base */ = {isa = PBXFileReference; lastKnownFileType = file.storyboard; name = Base; path = Base.lproj/LaunchScreen.storyboard; sourceTree = "<group>"; };
		756C102C1E40C3F500C113B1 /* Info.plist */ = {isa = PBXFileReference; lastKnownFileType = text.plist.xml; path = Info.plist; sourceTree = "<group>"; };
		7586E0411E6FE09500303C26 /* inactive.png */ = {isa = PBXFileReference; lastKnownFileType = image.png; path = inactive.png; sourceTree = "<group>"; };
		7586E0431E6FF13800303C26 /* AboutViewController.swift */ = {isa = PBXFileReference; fileEncoding = 4; lastKnownFileType = sourcecode.swift; path = AboutViewController.swift; sourceTree = "<group>"; };
		75A6FC211E80BBCC00DB9B18 /* EncodeViewController.swift */ = {isa = PBXFileReference; fileEncoding = 4; lastKnownFileType = sourcecode.swift; path = EncodeViewController.swift; sourceTree = "<group>"; };
		75A6FC231E80BBFD00DB9B18 /* DecodeViewController.swift */ = {isa = PBXFileReference; fileEncoding = 4; lastKnownFileType = sourcecode.swift; path = DecodeViewController.swift; sourceTree = "<group>"; };
		75B0E8481E42DAB80045AE7F /* Tap.appex */ = {isa = PBXFileReference; explicitFileType = "wrapper.app-extension"; includeInIndex = 0; path = Tap.appex; sourceTree = BUILT_PRODUCTS_DIR; };
		75B0E84B1E42DAB80045AE7F /* Tap.entitlements */ = {isa = PBXFileReference; lastKnownFileType = text.plist.entitlements; path = Tap.entitlements; sourceTree = "<group>"; };
		75B0E84C1E42DAB80045AE7F /* PacketTunnelProvider.swift */ = {isa = PBXFileReference; lastKnownFileType = sourcecode.swift; path = PacketTunnelProvider.swift; sourceTree = "<group>"; };
		75B0E84E1E42DAB80045AE7F /* Info.plist */ = {isa = PBXFileReference; lastKnownFileType = text.plist.xml; path = Info.plist; sourceTree = "<group>"; };
		75DE13CD1E8235CF005F9D2E /* Widget.appex */ = {isa = PBXFileReference; explicitFileType = "wrapper.app-extension"; includeInIndex = 0; path = Widget.appex; sourceTree = BUILT_PRODUCTS_DIR; };
		75DE13CE1E8235CF005F9D2E /* NotificationCenter.framework */ = {isa = PBXFileReference; lastKnownFileType = wrapper.framework; name = NotificationCenter.framework; path = System/Library/Frameworks/NotificationCenter.framework; sourceTree = SDKROOT; };
		75DE13D11E8235CF005F9D2E /* TodayViewController.swift */ = {isa = PBXFileReference; lastKnownFileType = sourcecode.swift; path = TodayViewController.swift; sourceTree = "<group>"; };
		75DE13D41E8235CF005F9D2E /* Base */ = {isa = PBXFileReference; lastKnownFileType = file.storyboard; name = Base; path = Base.lproj/MainInterface.storyboard; sourceTree = "<group>"; };
		75DE13D61E8235CF005F9D2E /* Info.plist */ = {isa = PBXFileReference; lastKnownFileType = text.plist.xml; path = Info.plist; sourceTree = "<group>"; };
		75FB850B1E6A40A3009207F5 /* Version.swift */ = {isa = PBXFileReference; fileEncoding = 4; lastKnownFileType = sourcecode.swift; path = Version.swift; sourceTree = "<group>"; };
/* End PBXFileReference section */

/* Begin PBXFrameworksBuildPhase section */
		756C101A1E40C3F500C113B1 /* Frameworks */ = {
			isa = PBXFrameworksBuildPhase;
			buildActionMask = 2147483647;
			files = (
				75A475891E6962FA00769779 /* NEKit.framework in Frameworks */,
			);
			runOnlyForDeploymentPostprocessing = 0;
		};
		75B0E8451E42DAB80045AE7F /* Frameworks */ = {
			isa = PBXFrameworksBuildPhase;
			buildActionMask = 2147483647;
			files = (
			);
			runOnlyForDeploymentPostprocessing = 0;
		};
		75DE13CA1E8235CF005F9D2E /* Frameworks */ = {
			isa = PBXFrameworksBuildPhase;
			buildActionMask = 2147483647;
			files = (
				75DE13CF1E8235CF005F9D2E /* NotificationCenter.framework in Frameworks */,
			);
			runOnlyForDeploymentPostprocessing = 0;
		};
/* End PBXFrameworksBuildPhase section */

/* Begin PBXGroup section */
		750A6AC91E62853400F06D21 /* Frameworks */ = {
			isa = PBXGroup;
			children = (
				750A6ACA1E62853400F06D21 /* NEKit.framework */,
				75DE13CE1E8235CF005F9D2E /* NotificationCenter.framework */,
			);
			name = Frameworks;
			sourceTree = "<group>";
		};
		756C10141E40C3F500C113B1 = {
			isa = PBXGroup;
			children = (
				756C101F1E40C3F500C113B1 /* pipesocks */,
				75B0E8491E42DAB80045AE7F /* Tap */,
				75DE13D01E8235CF005F9D2E /* Widget */,
				756C101E1E40C3F500C113B1 /* Products */,
				750A6AC91E62853400F06D21 /* Frameworks */,
			);
			sourceTree = "<group>";
		};
		756C101E1E40C3F500C113B1 /* Products */ = {
			isa = PBXGroup;
			children = (
				756C101D1E40C3F500C113B1 /* pipesocks.app */,
				75B0E8481E42DAB80045AE7F /* Tap.appex */,
				75DE13CD1E8235CF005F9D2E /* Widget.appex */,
			);
			name = Products;
			sourceTree = "<group>";
		};
		756C101F1E40C3F500C113B1 /* pipesocks */ = {
			isa = PBXGroup;
			children = (
				756C10201E40C3F500C113B1 /* AppDelegate.swift */,
				756C10221E40C3F500C113B1 /* MainViewController.swift */,
				7586E0431E6FF13800303C26 /* AboutViewController.swift */,
				751D8FEB1E7B8855000BB38A /* SettingsViewController.swift */,
				75A6FC211E80BBCC00DB9B18 /* EncodeViewController.swift */,
				75A6FC231E80BBFD00DB9B18 /* DecodeViewController.swift */,
				756C10241E40C3F500C113B1 /* Main.storyboard */,
				756C10271E40C3F500C113B1 /* Assets.xcassets */,
				756C10291E40C3F500C113B1 /* LaunchScreen.storyboard */,
				756C102C1E40C3F500C113B1 /* Info.plist */,
				7550ECB31E41CEE300131617 /* VPNCore.swift */,
				75FB850B1E6A40A3009207F5 /* Version.swift */,
				752644A11E40C6B000617319 /* origin.png */,
				7586E0411E6FE09500303C26 /* inactive.png */,
				75194E831E7D78BF000DB6C5 /* Encode.png */,
				75194E841E7D78BF000DB6C5 /* Decode.png */,
			);
			path = pipesocks;
			sourceTree = "<group>";
		};
		75B0E8491E42DAB80045AE7F /* Tap */ = {
			isa = PBXGroup;
			children = (
				75B0E84C1E42DAB80045AE7F /* PacketTunnelProvider.swift */,
				750A6ACC1E6289A200F06D21 /* PipesocksAdapterFactory.swift */,
				750A6ACE1E6289BA00F06D21 /* PipesocksAdapter.swift */,
				75B0E84A1E42DAB80045AE7F /* Supporting Files */,
			);
			path = Tap;
			sourceTree = "<group>";
		};
		75B0E84A1E42DAB80045AE7F /* Supporting Files */ = {
			isa = PBXGroup;
			children = (
				75B0E84E1E42DAB80045AE7F /* Info.plist */,
				75B0E84B1E42DAB80045AE7F /* Tap.entitlements */,
			);
			name = "Supporting Files";
			sourceTree = "<group>";
		};
		75DE13D01E8235CF005F9D2E /* Widget */ = {
			isa = PBXGroup;
			children = (
				75DE13D11E8235CF005F9D2E /* TodayViewController.swift */,
				75DE13D31E8235CF005F9D2E /* MainInterface.storyboard */,
				75DE13D61E8235CF005F9D2E /* Info.plist */,
			);
			path = Widget;
			sourceTree = "<group>";
		};
/* End PBXGroup section */

/* Begin PBXNativeTarget section */
		756C101C1E40C3F500C113B1 /* pipesocks */ = {
			isa = PBXNativeTarget;
			buildConfigurationList = 756C102F1E40C3F500C113B1 /* Build configuration list for PBXNativeTarget "pipesocks" */;
			buildPhases = (
				756C10191E40C3F500C113B1 /* Sources */,
				756C101A1E40C3F500C113B1 /* Frameworks */,
				756C101B1E40C3F500C113B1 /* Resources */,
				75B0E8551E42DAB80045AE7F /* Embed App Extensions */,
				75A475881E69623B00769779 /* ShellScript */,
			);
			buildRules = (
			);
			dependencies = (
				75B0E8501E42DAB80045AE7F /* PBXTargetDependency */,
				75DE13D81E8235CF005F9D2E /* PBXTargetDependency */,
			);
			name = pipesocks;
			productName = pipesocks;
			productReference = 756C101D1E40C3F500C113B1 /* pipesocks.app */;
			productType = "com.apple.product-type.application";
		};
		75B0E8471E42DAB80045AE7F /* Tap */ = {
			isa = PBXNativeTarget;
			buildConfigurationList = 75B0E8541E42DAB80045AE7F /* Build configuration list for PBXNativeTarget "Tap" */;
			buildPhases = (
				75B0E8441E42DAB80045AE7F /* Sources */,
				75B0E8451E42DAB80045AE7F /* Frameworks */,
				75B0E8461E42DAB80045AE7F /* Resources */,
			);
			buildRules = (
			);
			dependencies = (
			);
			name = Tap;
			productName = Tap;
			productReference = 75B0E8481E42DAB80045AE7F /* Tap.appex */;
			productType = "com.apple.product-type.app-extension";
		};
		75DE13CC1E8235CF005F9D2E /* Widget */ = {
			isa = PBXNativeTarget;
			buildConfigurationList = 75DE13DC1E8235CF005F9D2E /* Build configuration list for PBXNativeTarget "Widget" */;
			buildPhases = (
				75DE13C91E8235CF005F9D2E /* Sources */,
				75DE13CA1E8235CF005F9D2E /* Frameworks */,
				75DE13CB1E8235CF005F9D2E /* Resources */,
			);
			buildRules = (
			);
			dependencies = (
			);
			name = Widget;
			productName = Widget;
			productReference = 75DE13CD1E8235CF005F9D2E /* Widget.appex */;
			productType = "com.apple.product-type.app-extension";
		};
/* End PBXNativeTarget section */

/* Begin PBXProject section */
		756C10151E40C3F500C113B1 /* Project object */ = {
			isa = PBXProject;
			attributes = {
				LastSwiftUpdateCheck = 0820;
				LastUpgradeCheck = 0820;
				ORGANIZATIONNAME = yvbbrjdr;
				TargetAttributes = {
					756C101C1E40C3F500C113B1 = {
						CreatedOnToolsVersion = 8.2.1;
						DevelopmentTeam = 3P29JY455N;
						ProvisioningStyle = Manual;
					};
					75B0E8471E42DAB80045AE7F = {
						CreatedOnToolsVersion = 8.2.1;
						DevelopmentTeam = 3P29JY455N;
						ProvisioningStyle = Manual;
						SystemCapabilities = {
							com.apple.ApplicationGroups.iOS = {
								enabled = 0;
							};
						};
					};
					75DE13CC1E8235CF005F9D2E = {
						CreatedOnToolsVersion = 8.2.1;
						DevelopmentTeam = 3P29JY455N;
						ProvisioningStyle = Manual;
					};
				};
			};
			buildConfigurationList = 756C10181E40C3F500C113B1 /* Build configuration list for PBXProject "pipesocks" */;
			compatibilityVersion = "Xcode 3.2";
			developmentRegion = English;
			hasScannedForEncodings = 0;
			knownRegions = (
				en,
				Base,
			);
			mainGroup = 756C10141E40C3F500C113B1;
			productRefGroup = 756C101E1E40C3F500C113B1 /* Products */;
			projectDirPath = "";
			projectRoot = "";
			targets = (
				756C101C1E40C3F500C113B1 /* pipesocks */,
				75B0E8471E42DAB80045AE7F /* Tap */,
				75DE13CC1E8235CF005F9D2E /* Widget */,
			);
		};
/* End PBXProject section */

/* Begin PBXResourcesBuildPhase section */
		756C101B1E40C3F500C113B1 /* Resources */ = {
			isa = PBXResourcesBuildPhase;
			buildActionMask = 2147483647;
			files = (
				756C102B1E40C3F500C113B1 /* LaunchScreen.storyboard in Resources */,
				752644A21E40C6B000617319 /* origin.png in Resources */,
				756C10281E40C3F500C113B1 /* Assets.xcassets in Resources */,
				75194E851E7D78BF000DB6C5 /* Encode.png in Resources */,
				75194E861E7D78BF000DB6C5 /* Decode.png in Resources */,
				7586E0421E6FE09500303C26 /* inactive.png in Resources */,
				756C10261E40C3F500C113B1 /* Main.storyboard in Resources */,
			);
			runOnlyForDeploymentPostprocessing = 0;
		};
		75B0E8461E42DAB80045AE7F /* Resources */ = {
			isa = PBXResourcesBuildPhase;
			buildActionMask = 2147483647;
			files = (
			);
			runOnlyForDeploymentPostprocessing = 0;
		};
		75DE13CB1E8235CF005F9D2E /* Resources */ = {
			isa = PBXResourcesBuildPhase;
			buildActionMask = 2147483647;
			files = (
				75DE13D51E8235CF005F9D2E /* MainInterface.storyboard in Resources */,
			);
			runOnlyForDeploymentPostprocessing = 0;
		};
/* End PBXResourcesBuildPhase section */

/* Begin PBXShellScriptBuildPhase section */
		75A475881E69623B00769779 /* ShellScript */ = {
			isa = PBXShellScriptBuildPhase;
			buildActionMask = 2147483647;
			files = (
			);
			inputPaths = (
				"$(SRCROOT)/Carthage/Build/iOS/CocoaAsyncSocket.framework",
				"$(SRCROOT)/Carthage/Build/iOS/CocoaLumberjack.framework",
				"$(SRCROOT)/Carthage/Build/iOS/CocoaLumberjackSwift.framework",
				"$(SRCROOT)/Carthage/Build/iOS/lwip.framework",
				"$(SRCROOT)/Carthage/Build/iOS/MMDB.framework",
				"$(SRCROOT)/Carthage/Build/iOS/NEKit.framework",
				"$(SRCROOT)/Carthage/Build/iOS/Resolver.framework",
				"$(SRCROOT)/Carthage/Build/iOS/Sodium.framework",
				"$(SRCROOT)/Carthage/Build/iOS/tun2socks.framework",
				"$(SRCROOT)/Carthage/Build/iOS/Yaml.framework",
			);
			outputPaths = (
			);
			runOnlyForDeploymentPostprocessing = 0;
			shellPath = /bin/sh;
			shellScript = "/usr/local/bin/carthage copy-frameworks";
		};
/* End PBXShellScriptBuildPhase section */

/* Begin PBXSourcesBuildPhase section */
		756C10191E40C3F500C113B1 /* Sources */ = {
			isa = PBXSourcesBuildPhase;
			buildActionMask = 2147483647;
			files = (
				75A6FC241E80BBFD00DB9B18 /* DecodeViewController.swift in Sources */,
				756C10231E40C3F500C113B1 /* MainViewController.swift in Sources */,
				7550ECB41E41CEE300131617 /* VPNCore.swift in Sources */,
				75FB850C1E6A40A3009207F5 /* Version.swift in Sources */,
				7586E0441E6FF13800303C26 /* AboutViewController.swift in Sources */,
				756C10211E40C3F500C113B1 /* AppDelegate.swift in Sources */,
				751D8FEC1E7B8855000BB38A /* SettingsViewController.swift in Sources */,
				75A6FC221E80BBCC00DB9B18 /* EncodeViewController.swift in Sources */,
			);
			runOnlyForDeploymentPostprocessing = 0;
		};
		75B0E8441E42DAB80045AE7F /* Sources */ = {
			isa = PBXSourcesBuildPhase;
			buildActionMask = 2147483647;
			files = (
				750A6ACD1E6289A200F06D21 /* PipesocksAdapterFactory.swift in Sources */,
				75B0E84D1E42DAB80045AE7F /* PacketTunnelProvider.swift in Sources */,
				750A6ACF1E6289BA00F06D21 /* PipesocksAdapter.swift in Sources */,
				75FB850D1E6A41A1009207F5 /* Version.swift in Sources */,
			);
			runOnlyForDeploymentPostprocessing = 0;
		};
		75DE13C91E8235CF005F9D2E /* Sources */ = {
			isa = PBXSourcesBuildPhase;
			buildActionMask = 2147483647;
			files = (
				75DE13DD1E823D75005F9D2E /* VPNCore.swift in Sources */,
				75DE13D21E8235CF005F9D2E /* TodayViewController.swift in Sources */,
			);
			runOnlyForDeploymentPostprocessing = 0;
		};
/* End PBXSourcesBuildPhase section */

/* Begin PBXTargetDependency section */
		75B0E8501E42DAB80045AE7F /* PBXTargetDependency */ = {
			isa = PBXTargetDependency;
			target = 75B0E8471E42DAB80045AE7F /* Tap */;
			targetProxy = 75B0E84F1E42DAB80045AE7F /* PBXContainerItemProxy */;
		};
		75DE13D81E8235CF005F9D2E /* PBXTargetDependency */ = {
			isa = PBXTargetDependency;
			target = 75DE13CC1E8235CF005F9D2E /* Widget */;
			targetProxy = 75DE13D71E8235CF005F9D2E /* PBXContainerItemProxy */;
		};
/* End PBXTargetDependency section */

/* Begin PBXVariantGroup section */
		756C10241E40C3F500C113B1 /* Main.storyboard */ = {
			isa = PBXVariantGroup;
			children = (
				756C10251E40C3F500C113B1 /* Base */,
			);
			name = Main.storyboard;
			sourceTree = "<group>";
		};
		756C10291E40C3F500C113B1 /* LaunchScreen.storyboard */ = {
			isa = PBXVariantGroup;
			children = (
				756C102A1E40C3F500C113B1 /* Base */,
			);
			name = LaunchScreen.storyboard;
			sourceTree = "<group>";
		};
		75DE13D31E8235CF005F9D2E /* MainInterface.storyboard */ = {
			isa = PBXVariantGroup;
			children = (
				75DE13D41E8235CF005F9D2E /* Base */,
			);
			name = MainInterface.storyboard;
			sourceTree = "<group>";
		};
/* End PBXVariantGroup section */

/* Begin XCBuildConfiguration section */
		756C102D1E40C3F500C113B1 /* Debug */ = {
			isa = XCBuildConfiguration;
			buildSettings = {
				ALWAYS_SEARCH_USER_PATHS = NO;
				CLANG_ANALYZER_NONNULL = YES;
				CLANG_CXX_LANGUAGE_STANDARD = "gnu++0x";
				CLANG_CXX_LIBRARY = "libc++";
				CLANG_ENABLE_MODULES = YES;
				CLANG_ENABLE_OBJC_ARC = YES;
				CLANG_WARN_BOOL_CONVERSION = YES;
				CLANG_WARN_CONSTANT_CONVERSION = YES;
				CLANG_WARN_DIRECT_OBJC_ISA_USAGE = YES_ERROR;
				CLANG_WARN_DOCUMENTATION_COMMENTS = YES;
				CLANG_WARN_EMPTY_BODY = YES;
				CLANG_WARN_ENUM_CONVERSION = YES;
				CLANG_WARN_INFINITE_RECURSION = YES;
				CLANG_WARN_INT_CONVERSION = YES;
				CLANG_WARN_OBJC_ROOT_CLASS = YES_ERROR;
				CLANG_WARN_SUSPICIOUS_MOVE = YES;
				CLANG_WARN_UNREACHABLE_CODE = YES;
				CLANG_WARN__DUPLICATE_METHOD_MATCH = YES;
				"CODE_SIGN_IDENTITY[sdk=iphoneos*]" = "iPhone Developer";
				COPY_PHASE_STRIP = NO;
				DEBUG_INFORMATION_FORMAT = dwarf;
				ENABLE_STRICT_OBJC_MSGSEND = YES;
				ENABLE_TESTABILITY = YES;
				GCC_C_LANGUAGE_STANDARD = gnu99;
				GCC_DYNAMIC_NO_PIC = NO;
				GCC_NO_COMMON_BLOCKS = YES;
				GCC_OPTIMIZATION_LEVEL = 0;
				GCC_PREPROCESSOR_DEFINITIONS = (
					"DEBUG=1",
					"$(inherited)",
				);
				GCC_WARN_64_TO_32_BIT_CONVERSION = YES;
				GCC_WARN_ABOUT_RETURN_TYPE = YES_ERROR;
				GCC_WARN_UNDECLARED_SELECTOR = YES;
				GCC_WARN_UNINITIALIZED_AUTOS = YES_AGGRESSIVE;
				GCC_WARN_UNUSED_FUNCTION = YES;
				GCC_WARN_UNUSED_VARIABLE = YES;
				IPHONEOS_DEPLOYMENT_TARGET = 9.3;
				MTL_ENABLE_DEBUG_INFO = YES;
				ONLY_ACTIVE_ARCH = YES;
				SDKROOT = iphoneos;
				SWIFT_ACTIVE_COMPILATION_CONDITIONS = DEBUG;
				SWIFT_OPTIMIZATION_LEVEL = "-Onone";
				TARGETED_DEVICE_FAMILY = "1,2";
			};
			name = Debug;
		};
		756C102E1E40C3F500C113B1 /* Release */ = {
			isa = XCBuildConfiguration;
			buildSettings = {
				ALWAYS_SEARCH_USER_PATHS = NO;
				CLANG_ANALYZER_NONNULL = YES;
				CLANG_CXX_LANGUAGE_STANDARD = "gnu++0x";
				CLANG_CXX_LIBRARY = "libc++";
				CLANG_ENABLE_MODULES = YES;
				CLANG_ENABLE_OBJC_ARC = YES;
				CLANG_WARN_BOOL_CONVERSION = YES;
				CLANG_WARN_CONSTANT_CONVERSION = YES;
				CLANG_WARN_DIRECT_OBJC_ISA_USAGE = YES_ERROR;
				CLANG_WARN_DOCUMENTATION_COMMENTS = YES;
				CLANG_WARN_EMPTY_BODY = YES;
				CLANG_WARN_ENUM_CONVERSION = YES;
				CLANG_WARN_INFINITE_RECURSION = YES;
				CLANG_WARN_INT_CONVERSION = YES;
				CLANG_WARN_OBJC_ROOT_CLASS = YES_ERROR;
				CLANG_WARN_SUSPICIOUS_MOVE = YES;
				CLANG_WARN_UNREACHABLE_CODE = YES;
				CLANG_WARN__DUPLICATE_METHOD_MATCH = YES;
				"CODE_SIGN_IDENTITY[sdk=iphoneos*]" = "iPhone Developer";
				COPY_PHASE_STRIP = NO;
				DEBUG_INFORMATION_FORMAT = "dwarf-with-dsym";
				ENABLE_NS_ASSERTIONS = NO;
				ENABLE_STRICT_OBJC_MSGSEND = YES;
				GCC_C_LANGUAGE_STANDARD = gnu99;
				GCC_NO_COMMON_BLOCKS = YES;
				GCC_WARN_64_TO_32_BIT_CONVERSION = YES;
				GCC_WARN_ABOUT_RETURN_TYPE = YES_ERROR;
				GCC_WARN_UNDECLARED_SELECTOR = YES;
				GCC_WARN_UNINITIALIZED_AUTOS = YES_AGGRESSIVE;
				GCC_WARN_UNUSED_FUNCTION = YES;
				GCC_WARN_UNUSED_VARIABLE = YES;
				IPHONEOS_DEPLOYMENT_TARGET = 9.3;
				MTL_ENABLE_DEBUG_INFO = NO;
				SDKROOT = iphoneos;
				SWIFT_OPTIMIZATION_LEVEL = "-Owholemodule";
				TARGETED_DEVICE_FAMILY = "1,2";
				VALIDATE_PRODUCT = YES;
			};
			name = Release;
		};
		756C10301E40C3F500C113B1 /* Debug */ = {
			isa = XCBuildConfiguration;
			buildSettings = {
				ALWAYS_EMBED_SWIFT_STANDARD_LIBRARIES = YES;
				ASSETCATALOG_COMPILER_APPICON_NAME = AppIcon;
				"CODE_SIGN_IDENTITY[sdk=iphoneos*]" = "iPhone Developer";
				DEVELOPMENT_TEAM = 3P29JY455N;
				FRAMEWORK_SEARCH_PATHS = (
					"$(inherited)",
					"$(PROJECT_DIR)/Carthage/Build/iOS",
				);
				INFOPLIST_FILE = pipesocks/Info.plist;
				IPHONEOS_DEPLOYMENT_TARGET = 9.3;
				LD_RUNPATH_SEARCH_PATHS = "$(inherited) @executable_path/Frameworks";
				PRODUCT_BUNDLE_IDENTIFIER = tk.yvbbrjdr.pipesocks;
				PRODUCT_NAME = "$(TARGET_NAME)";
				PROVISIONING_PROFILE = "e595d317-3c76-48b8-bd0f-a7f11a289c3b";
				PROVISIONING_PROFILE_SPECIFIER = "pipesocks Development";
				SWIFT_VERSION = 3.0;
				TARGETED_DEVICE_FAMILY = "1,2";
			};
			name = Debug;
		};
		756C10311E40C3F500C113B1 /* Release */ = {
			isa = XCBuildConfiguration;
			buildSettings = {
				ALWAYS_EMBED_SWIFT_STANDARD_LIBRARIES = YES;
				ASSETCATALOG_COMPILER_APPICON_NAME = AppIcon;
				"CODE_SIGN_IDENTITY[sdk=iphoneos*]" = "iPhone Developer";
				DEVELOPMENT_TEAM = 3P29JY455N;
				FRAMEWORK_SEARCH_PATHS = (
					"$(inherited)",
					"$(PROJECT_DIR)/Carthage/Build/iOS",
				);
				INFOPLIST_FILE = pipesocks/Info.plist;
				IPHONEOS_DEPLOYMENT_TARGET = 9.3;
				LD_RUNPATH_SEARCH_PATHS = "$(inherited) @executable_path/Frameworks";
				PRODUCT_BUNDLE_IDENTIFIER = tk.yvbbrjdr.pipesocks;
				PRODUCT_NAME = "$(TARGET_NAME)";
				PROVISIONING_PROFILE = "e595d317-3c76-48b8-bd0f-a7f11a289c3b";
				PROVISIONING_PROFILE_SPECIFIER = "pipesocks Development";
				SWIFT_VERSION = 3.0;
				TARGETED_DEVICE_FAMILY = "1,2";
			};
			name = Release;
		};
		75B0E8521E42DAB80045AE7F /* Debug */ = {
			isa = XCBuildConfiguration;
			buildSettings = {
				"CODE_SIGN_IDENTITY[sdk=iphoneos*]" = "iPhone Developer";
				DEVELOPMENT_TEAM = 3P29JY455N;
				FRAMEWORK_SEARCH_PATHS = (
					"$(inherited)",
					"$(PROJECT_DIR)/Carthage/Build/iOS",
				);
				INFOPLIST_FILE = Tap/Info.plist;
				IPHONEOS_DEPLOYMENT_TARGET = 9.3;
				LD_RUNPATH_SEARCH_PATHS = "$(inherited) @executable_path/Frameworks @executable_path/../../Frameworks";
				PRODUCT_BUNDLE_IDENTIFIER = tk.yvbbrjdr.pipesocks.Tap;
				PRODUCT_NAME = "$(TARGET_NAME)";
				PROVISIONING_PROFILE = "421b9b21-a21e-4e96-9be7-18fb32e88b74";
				PROVISIONING_PROFILE_SPECIFIER = "pipesocks Tap Development";
				SKIP_INSTALL = YES;
				SWIFT_VERSION = 3.0;
			};
			name = Debug;
		};
		75B0E8531E42DAB80045AE7F /* Release */ = {
			isa = XCBuildConfiguration;
			buildSettings = {
				"CODE_SIGN_IDENTITY[sdk=iphoneos*]" = "iPhone Developer";
				DEVELOPMENT_TEAM = 3P29JY455N;
				FRAMEWORK_SEARCH_PATHS = (
					"$(inherited)",
					"$(PROJECT_DIR)/Carthage/Build/iOS",
				);
				INFOPLIST_FILE = Tap/Info.plist;
				IPHONEOS_DEPLOYMENT_TARGET = 9.3;
				LD_RUNPATH_SEARCH_PATHS = "$(inherited) @executable_path/Frameworks @executable_path/../../Frameworks";
				PRODUCT_BUNDLE_IDENTIFIER = tk.yvbbrjdr.pipesocks.Tap;
				PRODUCT_NAME = "$(TARGET_NAME)";
				PROVISIONING_PROFILE = "421b9b21-a21e-4e96-9be7-18fb32e88b74";
				PROVISIONING_PROFILE_SPECIFIER = "pipesocks Tap Development";
				SKIP_INSTALL = YES;
				SWIFT_VERSION = 3.0;
			};
			name = Release;
		};
		75DE13DA1E8235CF005F9D2E /* Debug */ = {
			isa = XCBuildConfiguration;
			buildSettings = {
				"CODE_SIGN_IDENTITY[sdk=iphoneos*]" = "iPhone Developer";
				DEVELOPMENT_TEAM = 3P29JY455N;
				INFOPLIST_FILE = Widget/Info.plist;
				IPHONEOS_DEPLOYMENT_TARGET = 9.3;
				LD_RUNPATH_SEARCH_PATHS = "$(inherited) @executable_path/Frameworks @executable_path/../../Frameworks";
				PRODUCT_BUNDLE_IDENTIFIER = tk.yvbbrjdr.pipesocks.Widget;
				PRODUCT_NAME = "$(TARGET_NAME)";
				PROVISIONING_PROFILE = "5e94f90d-3a76-4f08-819c-035bbb5d0ff1";
				PROVISIONING_PROFILE_SPECIFIER = "pipesocks Widget Development";
				SKIP_INSTALL = YES;
				SWIFT_VERSION = 3.0;
			};
			name = Debug;
		};
		75DE13DB1E8235CF005F9D2E /* Release */ = {
			isa = XCBuildConfiguration;
			buildSettings = {
				"CODE_SIGN_IDENTITY[sdk=iphoneos*]" = "iPhone Developer";
				DEVELOPMENT_TEAM = 3P29JY455N;
				INFOPLIST_FILE = Widget/Info.plist;
				IPHONEOS_DEPLOYMENT_TARGET = 9.3;
				LD_RUNPATH_SEARCH_PATHS = "$(inherited) @executable_path/Frameworks @executable_path/../../Frameworks";
				PRODUCT_BUNDLE_IDENTIFIER = tk.yvbbrjdr.pipesocks.Widget;
				PRODUCT_NAME = "$(TARGET_NAME)";
				PROVISIONING_PROFILE = "5e94f90d-3a76-4f08-819c-035bbb5d0ff1";
				PROVISIONING_PROFILE_SPECIFIER = "pipesocks Widget Development";
				SKIP_INSTALL = YES;
				SWIFT_VERSION = 3.0;
			};
			name = Release;
		};
/* End XCBuildConfiguration section */

/* Begin XCConfigurationList section */
		756C10181E40C3F500C113B1 /* Build configuration list for PBXProject "pipesocks" */ = {
			isa = XCConfigurationList;
			buildConfigurations = (
				756C102D1E40C3F500C113B1 /* Debug */,
				756C102E1E40C3F500C113B1 /* Release */,
			);
			defaultConfigurationIsVisible = 0;
			defaultConfigurationName = Release;
		};
		756C102F1E40C3F500C113B1 /* Build configuration list for PBXNativeTarget "pipesocks" */ = {
			isa = XCConfigurationList;
			buildConfigurations = (
				756C10301E40C3F500C113B1 /* Debug */,
				756C10311E40C3F500C113B1 /* Release */,
			);
			defaultConfigurationIsVisible = 0;
			defaultConfigurationName = Release;
		};
		75B0E8541E42DAB80045AE7F /* Build configuration list for PBXNativeTarget "Tap" */ = {
			isa = XCConfigurationList;
			buildConfigurations = (
				75B0E8521E42DAB80045AE7F /* Debug */,
				75B0E8531E42DAB80045AE7F /* Release */,
			);
			defaultConfigurationIsVisible = 0;
			defaultConfigurationName = Release;
		};
		75DE13DC1E8235CF005F9D2E /* Build configuration list for PBXNativeTarget "Widget" */ = {
			isa = XCConfigurationList;
			buildConfigurations = (
				75DE13DA1E8235CF005F9D2E /* Debug */,
				75DE13DB1E8235CF005F9D2E /* Release */,
			);
			defaultConfigurationIsVisible = 0;
			defaultConfigurationName = Release;
		};
/* End XCConfigurationList section */
	};
	rootObject = 756C10151E40C3F500C113B1 /* Project object */;
}
